
Microsoft Visual Studio Solution File, Format Version 12.00
# Visual Studio Version 17
VisualStudioVersion = 17.10.35201.131
MinimumVisualStudioVersion = 10.0.40219.1
Project("{9A19103F-16F7-4668-BE54-9A1E7A4F7556}") = "IPSBuildsCopier", "NewIPSBuildsCopier\IPSBuildsCopier.csproj", "{CEB84EC3-C72C-4391-ADB2-DD7A566C7657}"
EndProject
Global
	GlobalSection(SolutionConfigurationPlatforms) = preSolution
		Debug|Any CPU = Debug|Any CPU
		Release|Any CPU = Release|Any CPU
	EndGlobalSection
	GlobalSection(ProjectConfigurationPlatforms) = postSolution
		{CEB84EC3-C72C-4391-ADB2-DD7A566C7657}.Debug|Any CPU.ActiveCfg = Debug|Any CPU
		{CEB84EC3-C72C-4391-ADB2-DD7A566C7657}.Debug|Any CPU.Build.0 = Debug|Any CPU
		{CEB84EC3-C72C-4391-ADB2-DD7A566C7657}.Release|Any CPU.ActiveCfg = Release|Any CPU
		{CEB84EC3-C72C-4391-ADB2-DD7A566C7657}.Release|Any CPU.Build.0 = Release|Any CPU
	EndGlobalSection
	GlobalSection(SolutionProperties) = preSolution
		HideSolutionNode = FALSE
	EndGlobalSection
	GlobalSection(ExtensibilityGlobals) = postSolution
		SolutionGuid = {44D35FAF-2638-469B-B905-F9BB87494CC2}
	EndGlobalSection
EndGlobal
